
Microsoft Visual Studio Solution File, Format Version 12.00
# Visual Studio 14
VisualStudioVersion = 14.0.25420.1
MinimumVisualStudioVersion = 10.0.40219.1
Project("{FAE04EC0-301F-11D3-BF4B-00C04F79EFBC}") = "DatabaseService", "DatabaseService\DatabaseService.csproj", "{524519E4-7F33-4DC9-BFE7-F33CC49FA3E2}"
EndProject
Project("{FAE04EC0-301F-11D3-BF4B-00C04F79EFBC}") = "WindowsFormsUsers", "WindowsFormsUsers\WindowsFormsUsers.csproj", "{FB76AC9C-F112-4FDD-8854-C2480FADF9DE}"
EndProject
Project("{54435603-DBB4-11D2-8724-00A0C9A8B90C}") = "UserAdminSetup", "UserAdminSetup\UserAdminSetup.vdproj", "{93C85F49-DEB5-4955-928B-1BBB1822AF54}"
EndProject
Global
	GlobalSection(SolutionConfigurationPlatforms) = preSolution
		Debug|Any CPU = Debug|Any CPU
		Release|Any CPU = Release|Any CPU
	EndGlobalSection
	GlobalSection(ProjectConfigurationPlatforms) = postSolution
		{524519E4-7F33-4DC9-BFE7-F33CC49FA3E2}.Debug|Any CPU.ActiveCfg = Debug|Any CPU
		{524519E4-7F33-4DC9-BFE7-F33CC49FA3E2}.Debug|Any CPU.Build.0 = Debug|Any CPU
		{524519E4-7F33-4DC9-BFE7-F33CC49FA3E2}.Release|Any CPU.ActiveCfg = Release|Any CPU
		{524519E4-7F33-4DC9-BFE7-F33CC49FA3E2}.Release|Any CPU.Build.0 = Release|Any CPU
		{FB76AC9C-F112-4FDD-8854-C2480FADF9DE}.Debug|Any CPU.ActiveCfg = Debug|Any CPU
		{FB76AC9C-F112-4FDD-8854-C2480FADF9DE}.Debug|Any CPU.Build.0 = Debug|Any CPU
		{FB76AC9C-F112-4FDD-8854-C2480FADF9DE}.Release|Any CPU.ActiveCfg = Release|Any CPU
		{FB76AC9C-F112-4FDD-8854-C2480FADF9DE}.Release|Any CPU.Build.0 = Release|Any CPU
		{93C85F49-DEB5-4955-928B-1BBB1822AF54}.Debug|Any CPU.ActiveCfg = Debug
		{93C85F49-DEB5-4955-928B-1BBB1822AF54}.Release|Any CPU.ActiveCfg = Release
	EndGlobalSection
	GlobalSection(SolutionProperties) = preSolution
		HideSolutionNode = FALSE
	EndGlobalSection
EndGlobal
